// !$*UTF8*$!
{
	archiveVersion = 1;
	classes = {
	};
	objectVersion = 56;
	objects = {

/* Begin PBXBuildFile section */
		84D39D9029893FFE00018AFF /* AppDelegate.swift in Sources */ = {isa = PBXBuildFile; fileRef = 84D39D8F29893FFE00018AFF /* AppDelegate.swift */; };
		84D39D9229893FFE00018AFF /* SceneDelegate.swift in Sources */ = {isa = PBXBuildFile; fileRef = 84D39D9129893FFE00018AFF /* SceneDelegate.swift */; };
		84D39D9429893FFE00018AFF /* ViewController.swift in Sources */ = {isa = PBXBuildFile; fileRef = 84D39D9329893FFE00018AFF /* ViewController.swift */; };
		84D39D9729893FFE00018AFF /* Main.storyboard in Resources */ = {isa = PBXBuildFile; fileRef = 84D39D9529893FFE00018AFF /* Main.storyboard */; };
		84D39D992989400000018AFF /* Assets.xcassets in Resources */ = {isa = PBXBuildFile; fileRef = 84D39D982989400000018AFF /* Assets.xcassets */; };
		84D39D9C2989400000018AFF /* LaunchScreen.storyboard in Resources */ = {isa = PBXBuildFile; fileRef = 84D39D9A2989400000018AFF /* LaunchScreen.storyboard */; };
		84D39DA829896BE900018AFF /* NewList.json in Resources */ = {isa = PBXBuildFile; fileRef = 84D39DA729896BE900018AFF /* NewList.json */; };
/* End PBXBuildFile section */

/* Begin PBXFileReference section */
		84D39D8C29893FFE00018AFF /* PrimeiroAppSwifitDio.app */ = {isa = PBXFileReference; explicitFileType = wrapper.application; includeInIndex = 0; path = PrimeiroAppSwifitDio.app; sourceTree = BUILT_PRODUCTS_DIR; };
		84D39D8F29893FFE00018AFF /* AppDelegate.swift */ = {isa = PBXFileReference; lastKnownFileType = sourcecode.swift; path = AppDelegate.swift; sourceTree = "<group>"; };
		84D39D9129893FFE00018AFF /* SceneDelegate.swift */ = {isa = PBXFileReference; lastKnownFileType = sourcecode.swift; path = SceneDelegate.swift; sourceTree = "<group>"; };
		84D39D9329893FFE00018AFF /* ViewController.swift */ = {isa = PBXFileReference; lastKnownFileType = sourcecode.swift; path = ViewController.swift; sourceTree = "<group>"; };
		84D39D9629893FFE00018AFF /* Base */ = {isa = PBXFileReference; lastKnownFileType = file.storyboard; name = Base; path = Base.lproj/Main.storyboard; sourceTree = "<group>"; };
		84D39D982989400000018AFF /* Assets.xcassets */ = {isa = PBXFileReference; lastKnownFileType = folder.assetcatalog; path = Assets.xcassets; sourceTree = "<group>"; };
		84D39D9B2989400000018AFF /* Base */ = {isa = PBXFileReference; lastKnownFileType = file.storyboard; name = Base; path = Base.lproj/LaunchScreen.storyboard; sourceTree = "<group>"; };
		84D39D9D2989400000018AFF /* Info.plist */ = {isa = PBXFileReference; lastKnownFileType = text.plist.xml; path = Info.plist; sourceTree = "<group>"; };
		84D39DA729896BE900018AFF /* NewList.json */ = {isa = PBXFileReference; lastKnownFileType = text.json; path = NewList.json; sourceTree = "<group>"; };
/* End PBXFileReference section */

/* Begin PBXFrameworksBuildPhase section */
		84D39D8929893FFE00018AFF /* Frameworks */ = {
			isa = PBXFrameworksBuildPhase;
			buildActionMask = 2147483647;
			files = (
			);
			runOnlyForDeploymentPostprocessing = 0;
		};
/* End PBXFrameworksBuildPhase section */

/* Begin PBXGroup section */
		84D39D8329893FFE00018AFF = {
			isa = PBXGroup;
			children = (
				84D39D8E29893FFE00018AFF /* PrimeiroAppSwifitDio */,
				84D39D8D29893FFE00018AFF /* Products */,
			);
			sourceTree = "<group>";
		};
		84D39D8D29893FFE00018AFF /* Products */ = {
			isa = PBXGroup;
			children = (
				84D39D8C29893FFE00018AFF /* PrimeiroAppSwifitDio.app */,
			);
			name = Products;
			sourceTree = "<group>";
		};
		84D39D8E29893FFE00018AFF /* PrimeiroAppSwifitDio */ = {
			isa = PBXGroup;
			children = (
				84D39DA62989695C00018AFF /* Views */,
				84D39DA52989686000018AFF /* Controllers */,
				84D39DA42989681900018AFF /* SuportingFiles */,
				84D39D982989400000018AFF /* Assets.xcassets */,
				84D39D9D2989400000018AFF /* Info.plist */,
			);
			path = PrimeiroAppSwifitDio;
			sourceTree = "<group>";
		};
		84D39DA42989681900018AFF /* SuportingFiles */ = {
			isa = PBXGroup;
			children = (
				84D39D9129893FFE00018AFF /* SceneDelegate.swift */,
				84D39D8F29893FFE00018AFF /* AppDelegate.swift */,
				84D39DA729896BE900018AFF /* NewList.json */,
			);
			path = SuportingFiles;
			sourceTree = "<group>";
		};
		84D39DA52989686000018AFF /* Controllers */ = {
			isa = PBXGroup;
			children = (
				84D39D9329893FFE00018AFF /* ViewController.swift */,
			);
			path = Controllers;
			sourceTree = "<group>";
		};
		84D39DA62989695C00018AFF /* Views */ = {
			isa = PBXGroup;
			children = (
				84D39D9A2989400000018AFF /* LaunchScreen.storyboard */,
				84D39D9529893FFE00018AFF /* Main.storyboard */,
			);
			path = Views;
			sourceTree = "<group>";
		};
/* End PBXGroup section */

/* Begin PBXNativeTarget section */
		84D39D8B29893FFE00018AFF /* PrimeiroAppSwifitDio */ = {
			isa = PBXNativeTarget;
			buildConfigurationList = 84D39DA02989400000018AFF /* Build configuration list for PBXNativeTarget "PrimeiroAppSwifitDio" */;
			buildPhases = (
				84D39D8829893FFE00018AFF /* Sources */,
				84D39D8929893FFE00018AFF /* Frameworks */,
				84D39D8A29893FFE00018AFF /* Resources */,
			);
			buildRules = (
			);
			dependencies = (
			);
			name = PrimeiroAppSwifitDio;
			productName = PrimeiroAppSwifitDio;
			productReference = 84D39D8C29893FFE00018AFF /* PrimeiroAppSwifitDio.app */;
			productType = "com.apple.product-type.application";
		};
/* End PBXNativeTarget section */

/* Begin PBXProject section */
		84D39D8429893FFE00018AFF /* Project object */ = {
			isa = PBXProject;
			attributes = {
				BuildIndependentTargetsInParallel = 1;
				LastSwiftUpdateCheck = 1410;
				LastUpgradeCheck = 1410;
				TargetAttributes = {
					84D39D8B29893FFE00018AFF = {
						CreatedOnToolsVersion = 14.1;
					};
				};
			};
			buildConfigurationList = 84D39D8729893FFE00018AFF /* Build configuration list for PBXProject "PrimeiroAppSwifitDio" */;
			compatibilityVersion = "Xcode 14.0";
			developmentRegion = en;
			hasScannedForEncodings = 0;
			knownRegions = (
				en,
				Base,
			);
			mainGroup = 84D39D8329893FFE00018AFF;
			productRefGroup = 84D39D8D29893FFE00018AFF /* Products */;
			projectDirPath = "";
			projectRoot = "";
			targets = (
				84D39D8B29893FFE00018AFF /* PrimeiroAppSwifitDio */,
			);
		};
/* End PBXProject section */

/* Begin PBXResourcesBuildPhase section */
		84D39D8A29893FFE00018AFF /* Resources */ = {
			isa = PBXResourcesBuildPhase;
			buildActionMask = 2147483647;
			files = (
				84D39D9C2989400000018AFF /* LaunchScreen.storyboard in Resources */,
				84D39D992989400000018AFF /* Assets.xcassets in Resources */,
				84D39DA829896BE900018AFF /* NewList.json in Resources */,
				84D39D9729893FFE00018AFF /* Main.storyboard in Resources */,
			);
			runOnlyForDeploymentPostprocessing = 0;
		};
/* End PBXResourcesBuildPhase section */

/* Begin PBXSourcesBuildPhase section */
		84D39D8829893FFE00018AFF /* Sources */ = {
			isa = PBXSourcesBuildPhase;
			buildActionMask = 2147483647;
			files = (
				84D39D9429893FFE00018AFF /* ViewController.swift in Sources */,
				84D39D9029893FFE00018AFF /* AppDelegate.swift in Sources */,
				84D39D9229893FFE00018AFF /* SceneDelegate.swift in Sources */,
			);
			runOnlyForDeploymentPostprocessing = 0;
		};
/* End PBXSourcesBuildPhase section */

/* Begin PBXVariantGroup section */
		84D39D9529893FFE00018AFF /* Main.storyboard */ = {
			isa = PBXVariantGroup;
			children = (
				84D39D9629893FFE00018AFF /* Base */,
			);
			name = Main.storyboard;
			sourceTree = "<group>";
		};
		84D39D9A2989400000018AFF /* LaunchScreen.storyboard */ = {
			isa = PBXVariantGroup;
			children = (
				84D39D9B2989400000018AFF /* Base */,
			);
			name = LaunchScreen.storyboard;
			sourceTree = "<group>";
		};
/* End PBXVariantGroup section */

/* Begin XCBuildConfiguration section */
		84D39D9E2989400000018AFF /* Debug */ = {
			isa = XCBuildConfiguration;
			buildSettings = {
				ALWAYS_SEARCH_USER_PATHS = NO;
				CLANG_ANALYZER_NONNULL = YES;
				CLANG_ANALYZER_NUMBER_OBJECT_CONVERSION = YES_AGGRESSIVE;
				CLANG_CXX_LANGUAGE_STANDARD = "gnu++20";
				CLANG_ENABLE_MODULES = YES;
				CLANG_ENABLE_OBJC_ARC = YES;
				CLANG_ENABLE_OBJC_WEAK = YES;
				CLANG_WARN_BLOCK_CAPTURE_AUTORELEASING = YES;
				CLANG_WARN_BOOL_CONVERSION = YES;
				CLANG_WARN_COMMA = YES;
				CLANG_WARN_CONSTANT_CONVERSION = YES;
				CLANG_WARN_DEPRECATED_OBJC_IMPLEMENTATIONS = YES;
				CLANG_WARN_DIRECT_OBJC_ISA_USAGE = YES_ERROR;
				CLANG_WARN_DOCUMENTATION_COMMENTS = YES;
				CLANG_WARN_EMPTY_BODY = YES;
				CLANG_WARN_ENUM_CONVERSION = YES;
				CLANG_WARN_INFINITE_RECURSION = YES;
				CLANG_WARN_INT_CONVERSION = YES;
				CLANG_WARN_NON_LITERAL_NULL_CONVERSION = YES;
				CLANG_WARN_OBJC_IMPLICIT_RETAIN_SELF = YES;
				CLANG_WARN_OBJC_LITERAL_CONVERSION = YES;
				CLANG_WARN_OBJC_ROOT_CLASS = YES_ERROR;
				CLANG_WARN_QUOTED_INCLUDE_IN_FRAMEWORK_HEADER = YES;
				CLANG_WARN_RANGE_LOOP_ANALYSIS = YES;
				CLANG_WARN_STRICT_PROTOTYPES = YES;
				CLANG_WARN_SUSPICIOUS_MOVE = YES;
				CLANG_WARN_UNGUARDED_AVAILABILITY = YES_AGGRESSIVE;
				CLANG_WARN_UNREACHABLE_CODE = YES;
				CLANG_WARN__DUPLICATE_METHOD_MATCH = YES;
				COPY_PHASE_STRIP = NO;
				DEBUG_INFORMATION_FORMAT = dwarf;
				ENABLE_STRICT_OBJC_MSGSEND = YES;
				ENABLE_TESTABILITY = YES;
				GCC_C_LANGUAGE_STANDARD = gnu11;
				GCC_DYNAMIC_NO_PIC = NO;
				GCC_NO_COMMON_BLOCKS = YES;
				GCC_OPTIMIZATION_LEVEL = 0;
				GCC_PREPROCESSOR_DEFINITIONS = (
					"DEBUG=1",
					"$(inherited)",
				);
				GCC_WARN_64_TO_32_BIT_CONVERSION = YES;
				GCC_WARN_ABOUT_RETURN_TYPE = YES_ERROR;
				GCC_WARN_UNDECLARED_SELECTOR = YES;
				GCC_WARN_UNINITIALIZED_AUTOS = YES_AGGRESSIVE;
				GCC_WARN_UNUSED_FUNCTION = YES;
				GCC_WARN_UNUSED_VARIABLE = YES;
				IPHONEOS_DEPLOYMENT_TARGET = 16.1;
				MTL_ENABLE_DEBUG_INFO = INCLUDE_SOURCE;
				MTL_FAST_MATH = YES;
				ONLY_ACTIVE_ARCH = YES;
				SDKROOT = iphoneos;
				SWIFT_ACTIVE_COMPILATION_CONDITIONS = DEBUG;
				SWIFT_OPTIMIZATION_LEVEL = "-Onone";
			};
			name = Debug;
		};
		84D39D9F2989400000018AFF /* Release */ = {
			isa = XCBuildConfiguration;
			buildSettings = {
				ALWAYS_SEARCH_USER_PATHS = NO;
				CLANG_ANALYZER_NONNULL = YES;
				CLANG_ANALYZER_NUMBER_OBJECT_CONVERSION = YES_AGGRESSIVE;
				CLANG_CXX_LANGUAGE_STANDARD = "gnu++20";
				CLANG_ENABLE_MODULES = YES;
				CLANG_ENABLE_OBJC_ARC = YES;
				CLANG_ENABLE_OBJC_WEAK = YES;
				CLANG_WARN_BLOCK_CAPTURE_AUTORELEASING = YES;
				CLANG_WARN_BOOL_CONVERSION = YES;
				CLANG_WARN_COMMA = YES;
				CLANG_WARN_CONSTANT_CONVERSION = YES;
				CLANG_WARN_DEPRECATED_OBJC_IMPLEMENTATIONS = YES;
				CLANG_WARN_DIRECT_OBJC_ISA_USAGE = YES_ERROR;
				CLANG_WARN_DOCUMENTATION_COMMENTS = YES;
				CLANG_WARN_EMPTY_BODY = YES;
				CLANG_WARN_ENUM_CONVERSION = YES;
				CLANG_WARN_INFINITE_RECURSION = YES;
				CLANG_WARN_INT_CONVERSION = YES;
				CLANG_WARN_NON_LITERAL_NULL_CONVERSION = YES;
				CLANG_WARN_OBJC_IMPLICIT_RETAIN_SELF = YES;
				CLANG_WARN_OBJC_LITERAL_CONVERSION = YES;
				CLANG_WARN_OBJC_ROOT_CLASS = YES_ERROR;
				CLANG_WARN_QUOTED_INCLUDE_IN_FRAMEWORK_HEADER = YES;
				CLANG_WARN_RANGE_LOOP_ANALYSIS = YES;
				CLANG_WARN_STRICT_PROTOTYPES = YES;
				CLANG_WARN_SUSPICIOUS_MOVE = YES;
				CLANG_WARN_UNGUARDED_AVAILABILITY = YES_AGGRESSIVE;
				CLANG_WARN_UNREACHABLE_CODE = YES;
				CLANG_WARN__DUPLICATE_METHOD_MATCH = YES;
				COPY_PHASE_STRIP = NO;
				DEBUG_INFORMATION_FORMAT = "dwarf-with-dsym";
				ENABLE_NS_ASSERTIONS = NO;
				ENABLE_STRICT_OBJC_MSGSEND = YES;
				GCC_C_LANGUAGE_STANDARD = gnu11;
				GCC_NO_COMMON_BLOCKS = YES;
				GCC_WARN_64_TO_32_BIT_CONVERSION = YES;
				GCC_WARN_ABOUT_RETURN_TYPE = YES_ERROR;
				GCC_WARN_UNDECLARED_SELECTOR = YES;
				GCC_WARN_UNINITIALIZED_AUTOS = YES_AGGRESSIVE;
				GCC_WARN_UNUSED_FUNCTION = YES;
				GCC_WARN_UNUSED_VARIABLE = YES;
				IPHONEOS_DEPLOYMENT_TARGET = 16.1;
				MTL_ENABLE_DEBUG_INFO = NO;
				MTL_FAST_MATH = YES;
				SDKROOT = iphoneos;
				SWIFT_COMPILATION_MODE = wholemodule;
				SWIFT_OPTIMIZATION_LEVEL = "-O";
				VALIDATE_PRODUCT = YES;
			};
			name = Release;
		};
		84D39DA12989400000018AFF /* Debug */ = {
			isa = XCBuildConfiguration;
			buildSettings = {
				ASSETCATALOG_COMPILER_APPICON_NAME = AppIcon;
				ASSETCATALOG_COMPILER_GLOBAL_ACCENT_COLOR_NAME = AccentColor;
				CODE_SIGN_STYLE = Automatic;
				CURRENT_PROJECT_VERSION = 1;
				GENERATE_INFOPLIST_FILE = YES;
				INFOPLIST_FILE = PrimeiroAppSwifitDio/Info.plist;
				INFOPLIST_KEY_UIApplicationSupportsIndirectInputEvents = YES;
				INFOPLIST_KEY_UILaunchStoryboardName = LaunchScreen;
				INFOPLIST_KEY_UIMainStoryboardFile = Main;
				INFOPLIST_KEY_UISupportedInterfaceOrientations_iPad = "UIInterfaceOrientationPortrait UIInterfaceOrientationPortraitUpsideDown UIInterfaceOrientationLandscapeLeft UIInterfaceOrientationLandscapeRight";
				INFOPLIST_KEY_UISupportedInterfaceOrientations_iPhone = "UIInterfaceOrientationPortrait UIInterfaceOrientationLandscapeLeft UIInterfaceOrientationLandscapeRight";
				LD_RUNPATH_SEARCH_PATHS = (
					"$(inherited)",
					"@executable_path/Frameworks",
				);
				MARKETING_VERSION = 1.0;
				PRODUCT_BUNDLE_IDENTIFIER = WevertonMonteiro.PrimeiroAppSwifitDio;
				PRODUCT_NAME = "$(TARGET_NAME)";
				SWIFT_EMIT_LOC_STRINGS = YES;
				SWIFT_VERSION = 5.0;
				TARGETED_DEVICE_FAMILY = "1,2";
			};
			name = Debug;
		};
		84D39DA22989400000018AFF /* Release */ = {
			isa = XCBuildConfiguration;
			buildSettings = {
				ASSETCATALOG_COMPILER_APPICON_NAME = AppIcon;
				ASSETCATALOG_COMPILER_GLOBAL_ACCENT_COLOR_NAME = AccentColor;
				CODE_SIGN_STYLE = Automatic;
				CURRENT_PROJECT_VERSION = 1;
				GENERATE_INFOPLIST_FILE = YES;
				INFOPLIST_FILE = PrimeiroAppSwifitDio/Info.plist;
				INFOPLIST_KEY_UIApplicationSupportsIndirectInputEvents = YES;
				INFOPLIST_KEY_UILaunchStoryboardName = LaunchScreen;
				INFOPLIST_KEY_UIMainStoryboardFile = Main;
				INFOPLIST_KEY_UISupportedInterfaceOrientations_iPad = "UIInterfaceOrientationPortrait UIInterfaceOrientationPortraitUpsideDown UIInterfaceOrientationLandscapeLeft UIInterfaceOrientationLandscapeRight";
				INFOPLIST_KEY_UISupportedInterfaceOrientations_iPhone = "UIInterfaceOrientationPortrait UIInterfaceOrientationLandscapeLeft UIInterfaceOrientationLandscapeRight";
				LD_RUNPATH_SEARCH_PATHS = (
					"$(inherited)",
					"@executable_path/Frameworks",
				);
				MARKETING_VERSION = 1.0;
				PRODUCT_BUNDLE_IDENTIFIER = WevertonMonteiro.PrimeiroAppSwifitDio;
				PRODUCT_NAME = "$(TARGET_NAME)";
				SWIFT_EMIT_LOC_STRINGS = YES;
				SWIFT_VERSION = 5.0;
				TARGETED_DEVICE_FAMILY = "1,2";
			};
			name = Release;
		};
/* End XCBuildConfiguration section */

/* Begin XCConfigurationList section */
		84D39D8729893FFE00018AFF /* Build configuration list for PBXProject "PrimeiroAppSwifitDio" */ = {
			isa = XCConfigurationList;
			buildConfigurations = (
				84D39D9E2989400000018AFF /* Debug */,
				84D39D9F2989400000018AFF /* Release */,
			);
			defaultConfigurationIsVisible = 0;
			defaultConfigurationName = Release;
		};
		84D39DA02989400000018AFF /* Build configuration list for PBXNativeTarget "PrimeiroAppSwifitDio" */ = {
			isa = XCConfigurationList;
			buildConfigurations = (
				84D39DA12989400000018AFF /* Debug */,
				84D39DA22989400000018AFF /* Release */,
			);
			defaultConfigurationIsVisible = 0;
			defaultConfigurationName = Release;
		};
/* End XCConfigurationList section */
	};
	rootObject = 84D39D8429893FFE00018AFF /* Project object */;
}
